
Microsoft Visual Studio Solution File, Format Version 12.00
# Visual Studio Version 17
VisualStudioVersion = 17.7.34202.233
MinimumVisualStudioVersion = 10.0.40219.1
Project("{FAE04EC0-301F-11D3-BF4B-00C04F79EFBC}") = "Travelcy BE", "Travelcy BE\Travelcy BE.csproj", "{F94DB6F9-71B1-4420-80BA-15628D841586}"
EndProject
Project("{FAE04EC0-301F-11D3-BF4B-00C04F79EFBC}") = "Travelcy.App", "Travelcy.App\Travelcy.App.csproj", "{18CB55D9-7B67-419C-A54F-E3737858071C}"
EndProject
Global
	GlobalSection(SolutionConfigurationPlatforms) = preSolution
		Debug|Any CPU = Debug|Any CPU
		Release|Any CPU = Release|Any CPU
	EndGlobalSection
	GlobalSection(ProjectConfigurationPlatforms) = postSolution
		{F94DB6F9-71B1-4420-80BA-15628D841586}.Debug|Any CPU.ActiveCfg = Debug|Any CPU
		{F94DB6F9-71B1-4420-80BA-15628D841586}.Debug|Any CPU.Build.0 = Debug|Any CPU
		{F94DB6F9-71B1-4420-80BA-15628D841586}.Release|Any CPU.ActiveCfg = Release|Any CPU
		{F94DB6F9-71B1-4420-80BA-15628D841586}.Release|Any CPU.Build.0 = Release|Any CPU
		{18CB55D9-7B67-419C-A54F-E3737858071C}.Debug|Any CPU.ActiveCfg = Debug|Any CPU
		{18CB55D9-7B67-419C-A54F-E3737858071C}.Debug|Any CPU.Build.0 = Debug|Any CPU
		{18CB55D9-7B67-419C-A54F-E3737858071C}.Release|Any CPU.ActiveCfg = Release|Any CPU
		{18CB55D9-7B67-419C-A54F-E3737858071C}.Release|Any CPU.Build.0 = Release|Any CPU
	EndGlobalSection
	GlobalSection(SolutionProperties) = preSolution
		HideSolutionNode = FALSE
	EndGlobalSection
	GlobalSection(ExtensibilityGlobals) = postSolution
		SolutionGuid = {A4E1AB67-1F02-480D-A38E-BA4CA477F25F}
	EndGlobalSection
EndGlobal
